# THIS IS AN AUTOGENERATED FILE. DO NOT EDIT THIS FILE DIRECTLY.
# yarn lockfile v1


"@alicloud/credentials@^1.0.0":
  version "1.1.0"
  resolved "https://registry.yarnpkg.com/@alicloud/credentials/-/credentials-1.1.0.tgz#259dc38e309dead2ce6da113d8527b62044ff074"
  integrity sha512-sCZjWWvOCJW/jkBBas6PJsofF0m3xxU0Yhq45rxs18IiHUsHqGeo1DqG4zkHToAuE689hA/GjFivtO6NOmJWHw==
  dependencies:
    "@alicloud/sts-sdk" "^1.0.0"
    httpx "^2.2.0"
    ini "^1.3.5"
    json-bigint "^0.2.3"
    kitx "^1.2.1"

"@alicloud/credentials@^2":
  version "2.2.6"
  resolved "https://registry.yarnpkg.com/@alicloud/credentials/-/credentials-2.2.6.tgz#24b0c188e8ad4b3c5a51a1bc4d75e9c127771975"
  integrity sha512-jG+msY77dHmAF3x+8VTy7fEgORyXLHmDci8t92HeipBdCHsPptDegA++GEwKgR7f6G4wvafYt+aqMZ1iligdrQ==
  dependencies:
    "@alicloud/tea-typescript" "^1.5.3"
    httpx "^2.2.0"
    ini "^1.3.5"
    kitx "^2.0.0"

"@alicloud/darabonba-stream@^0.0.1":
  version "0.0.1"
  resolved "https://registry.yarnpkg.com/@alicloud/darabonba-stream/-/darabonba-stream-0.0.1.tgz#0b982fb6945935a13db93d449c3e31d43efcd443"
  integrity sha512-0BSSke1K/eiq1BYMeJMl134FMwkkAndzZm3Phl6D6g9JLo9BZckdJle/JVj3KF/SOCbFDNZxvejLxnpMuyjgLw==
  dependencies:
    "@alicloud/tea-typescript" "^1.7.1"

"@alicloud/endpoint-util@^0.0.1":
  version "0.0.1"
  resolved "https://registry.yarnpkg.com/@alicloud/endpoint-util/-/endpoint-util-0.0.1.tgz#b237f5e04e373abb54c42119377b30bd6afb1a7c"
  integrity sha512-+pH7/KEXup84cHzIL6UJAaPqETvln4yXlD9JzlrqioyCSaWxbug5FUobsiI6fuUOpw5WwoB3fWAtGbFnJ1K3Yg==
  dependencies:
    "@alicloud/tea-typescript" "^1.5.1"
    kitx "^2.0.0"

"@alicloud/gateway-spi@^0.0.8":
  version "0.0.8"
  resolved "https://registry.yarnpkg.com/@alicloud/gateway-spi/-/gateway-spi-0.0.8.tgz#1d251986ed40d8b98690dcac8128fec0c56f0f53"
  integrity sha512-KM7fu5asjxZPmrz9sJGHJeSU+cNQNOxW+SFmgmAIrITui5hXL2LB+KNRuzWmlwPjnuA2X3/keq9h6++S9jcV5g==
  dependencies:
    "@alicloud/credentials" "^2"
    "@alicloud/tea-typescript" "^1.7.1"

"@alicloud/http-core-sdk@^1.0.0":
  version "1.0.0"
  resolved "https://registry.yarnpkg.com/@alicloud/http-core-sdk/-/http-core-sdk-1.0.0.tgz#4e2cb835d390fc9e790a1f5a6ba5a856329225d6"
  integrity sha512-ZODX85jwCf63Fmzj+pYZq85z8+SZzNg/FL+oW1/L/sRM8oj70+1+pdG0RHynAxBXkjNYt4eLIPrBvIEeVfx+LQ==
  dependencies:
    httpx "^2.1.3"

"@alicloud/ocr-api20210707@^1.1.12":
  version "1.1.12"
  resolved "https://registry.yarnpkg.com/@alicloud/ocr-api20210707/-/ocr-api20210707-1.1.12.tgz#498f625584a91fa67c1e88f5a5c9f3bf66beccd7"
  integrity sha512-5gIANqPeIy62FAQmI4MUf4wjoG+zWSH02JAANoH40yqDemw7Z0dONtfQnTgQgWEPoWq4UZN/wXA3ll8hGkcwbg==
  dependencies:
    "@alicloud/endpoint-util" "^0.0.1"
    "@alicloud/openapi-client" "^0.4.4"
    "@alicloud/openapi-util" "^0.3.0"
    "@alicloud/tea-typescript" "^1.7.1"
    "@alicloud/tea-util" "^1.4.5"

"@alicloud/openapi-client@^0.4.4":
  version "0.4.4"
  resolved "https://registry.yarnpkg.com/@alicloud/openapi-client/-/openapi-client-0.4.4.tgz#91ebab0addecf1061f80811218a2428657199171"
  integrity sha512-NBUEeHCXOr+gLzhBNHlUfJVFIvgyvT/W2Z93ODjq0DCTU15HpVMeWxbsQALOx/BbccFizMsW4S5nL39SSMqXoQ==
  dependencies:
    "@alicloud/credentials" "^2"
    "@alicloud/gateway-spi" "^0.0.8"
    "@alicloud/openapi-util" "^0.2.9"
    "@alicloud/tea-typescript" "^1.7.1"
    "@alicloud/tea-util" "^1.4.4"
    "@alicloud/tea-xml" "0.0.2"

"@alicloud/openapi-util@^0.2.9":
  version "0.2.9"
  resolved "https://registry.yarnpkg.com/@alicloud/openapi-util/-/openapi-util-0.2.9.tgz#2379cd81f993dcab32066a2b892ddcbdd266d51c"
  integrity sha512-GUEYtX3lDv+WaZoDFCb0h9aZ8+IlajnSAxSHjiITbNtjCpZbA/vfd7Z/ST9YaPoT34nGqDNKiQTjqpLhaKtYBw==
  dependencies:
    "@alicloud/tea-typescript" "^1.7.1"
    "@alicloud/tea-util" "^1.3.0"
    kitx "^2.1.0"
    sm3 "^1.0.3"

"@alicloud/openapi-util@^0.3.0":
  version "0.3.1"
  resolved "https://registry.yarnpkg.com/@alicloud/openapi-util/-/openapi-util-0.3.1.tgz#104f79d91e13a347115c8a416cc2c8f56580af5d"
  integrity sha512-6mGT+hs+SXismZi/CEkjPhhbn2U3qTT/Qv/RXAYFA1DC3Jk4/YaX3N7RtpgdzOhdD7uI8XtNkaULKHZY3BrtxQ==
  dependencies:
    "@alicloud/tea-typescript" "^1.7.1"
    "@alicloud/tea-util" "^1.3.0"
    kitx "^2.1.0"
    sm3 "^1.0.3"

"@alicloud/oss-baseclient@^1.2.0":
  version "1.2.0"
  resolved "https://registry.yarnpkg.com/@alicloud/oss-baseclient/-/oss-baseclient-1.2.0.tgz#4d5afb98bffd8b9d2c2919f1537aa2d434a7337b"
  integrity sha512-4K5sQTd7rCLfk+DbwIKEbISWKKGlso9bBz1qzZkDBG6OGvLjwh36/2BK2O9omvXMUVzpj7jrJSkFU/oWZY4zEQ==
  dependencies:
    "@alicloud/credentials" "^1.0.0"
    "@alicloud/tea-typescript" "^1.5.0"
    "@types/mime" "^2.0.1"
    "@types/xml2js" "^0.4.5"
    int64-buffer "^0.99.1007"
    kitx "^2.0.0"
    mime "^2.4.4"
    xml2js "^0.4.22"

"@alicloud/oss-client@^1.1.2":
  version "1.1.3"
  resolved "https://registry.yarnpkg.com/@alicloud/oss-client/-/oss-client-1.1.3.tgz#097d4c8d386d22dc078c42406921dd5cfc5f20d6"
  integrity sha512-PuOcub7mzyzVijnq1dmz9kZj/b2rF/XBI/jnopi4eRFf1qEHY3ArUgE5Jb3UObzshjkooHSwTxtAxjlgC8JVeA==
  dependencies:
    "@alicloud/credentials" "^2"
    "@alicloud/oss-baseclient" "^1.2.0"
    "@alicloud/oss-util" "^0.0.3"
    "@alicloud/rpc-util" "^0.0.1"
    "@alicloud/tea-fileform" "^1.0.0"
    "@alicloud/tea-typescript" "^1.2.0"
    "@alicloud/tea-util" "^1.2.6"
    "@alicloud/tea-xml" "^0.0.1"

"@alicloud/oss-util@0.0.1":
  version "0.0.1"
  resolved "https://registry.yarnpkg.com/@alicloud/oss-util/-/oss-util-0.0.1.tgz#dd050a58b30cb4d1ee93fdf10834a26fa49ef431"
  integrity sha512-5cfcNVhN7YCvwaI1iAheppMFhIVbeFuJZMgS65mxDA0F9ud6kMCkxiYnlYPvms/lvVEuVkEHbR5939WH8ysz0w==
  dependencies:
    "@alicloud/tea-typescript" "^1.5.0"
    "@types/mime" "^2.0.1"
    "@types/xml2js" "^0.4.5"
    int64-buffer "^0.99.1007"
    kitx "^2.0.0"
    mime "^2.4.4"
    xml2js "^0.4.22"

"@alicloud/oss-util@^0.0.3":
  version "0.0.3"
  resolved "https://registry.yarnpkg.com/@alicloud/oss-util/-/oss-util-0.0.3.tgz#d308ffb2c3cf9d955dea1b54b77c6bc04ec2e161"
  integrity sha512-7gyxvZMDA/DVPcsr61VgCGAVNpsqiSKUE2R+0oONqOZFEP2bqkCbift14qOY+SL9C5+dvmLIXQluCtL00KVSLw==
  dependencies:
    "@alicloud/tea-typescript" "^1.5.0"
    "@types/mime" "^2.0.1"
    "@types/xml2js" "^0.4.5"
    int64-buffer "^0.99.1007"
    kitx "^2.0.0"
    mime "^2.4.4"
    xml2js "^0.4.22"

"@alicloud/rpc-client@^1.1.0", "@alicloud/rpc-client@^1.2.0":
  version "1.3.2"
  resolved "https://registry.yarnpkg.com/@alicloud/rpc-client/-/rpc-client-1.3.2.tgz#6684f008fd01b1848da810368cfbff163ad92779"
  integrity sha512-PjgkPXtgDyb0m+BJMaEU/2rOvjUVBqhemqrMhNW0vYKYGlyfdEOVfrHVieqkLe8lxvFGy6gD1PpvAjeEMUXfsA==
  dependencies:
    "@alicloud/credentials" "^2"
    "@alicloud/rpc-util" "^0.1.0"
    "@alicloud/tea-typescript" "^1.6.0"
    "@alicloud/tea-util" "^1.4.0"

"@alicloud/rpc-util@^0.0.1":
  version "0.0.1"
  resolved "https://registry.yarnpkg.com/@alicloud/rpc-util/-/rpc-util-0.0.1.tgz#a0ec0b4f7cf4998ffb5e45b4329e2be13a67971d"
  integrity sha512-YUG6cPs9zq4WQVar0PX+s3ZnrmWf5nm62CzlBX4mlkkaCRyCf/VOGuYIPf+j1w8FvPYNv0zudeDU9tyZ20xWwA==
  dependencies:
    "@alicloud/tea-typescript" "^1"
    "@types/xml2js" "^0.4.5"
    kitx "^2.0.0"
    xml2js "^0.4.22"

"@alicloud/rpc-util@^0.1.0":
  version "0.1.0"
  resolved "https://registry.yarnpkg.com/@alicloud/rpc-util/-/rpc-util-0.1.0.tgz#f6f431cf1906f1090a27d0b37d2696be2758daf9"
  integrity sha512-0J+OcSycsfJvX1SpqaGqVHE7lbCFsk2PwdkZUOrWfbqMYcQjCe/Kp/DfwqcTMkYhWmiV48Esfog8XNLEB34zUg==
  dependencies:
    "@alicloud/tea-typescript" "^1"
    "@types/xml2js" "^0.4.5"
    kitx "^2.0.0"
    xml2js "^0.4.22"

"@alicloud/sts-sdk@^1.0.0":
  version "1.0.2"
  resolved "https://registry.yarnpkg.com/@alicloud/sts-sdk/-/sts-sdk-1.0.2.tgz#389372b612fece8437d87593a0ba52270165d56b"
  integrity sha512-WOv1qkNW7r2S6I0f2Qz8+7D5uU7bgE5vHxDWExcXmomMgr2i8JM6GhJeFPNVOzSWPgQi6Ujc+EATZ6ies9+UMA==
  dependencies:
    "@alicloud/http-core-sdk" "^1.0.0"
    uuid "^3.3.2"

"@alicloud/tea-fileform@^1.0.0":
  version "1.2.0"
  resolved "https://registry.yarnpkg.com/@alicloud/tea-fileform/-/tea-fileform-1.2.0.tgz#dcafd7efb3d9bdf20b974ab653e953e1f6784ed4"
  integrity sha512-+uKR4BsJssR254Isaqc/6Dc2iDC6AylBtrkf05yxqBd95cP1OfvzzRgdJ9MfipLWJkUtzVaVdnnbZwzGuLJVxQ==
  dependencies:
    "@alicloud/tea-typescript" "^1"

"@alicloud/tea-typescript@^1", "@alicloud/tea-typescript@^1.2.0", "@alicloud/tea-typescript@^1.5.0", "@alicloud/tea-typescript@^1.5.1", "@alicloud/tea-typescript@^1.5.3", "@alicloud/tea-typescript@^1.6.0", "@alicloud/tea-typescript@^1.7.1", "@alicloud/tea-typescript@latest":
  version "1.8.0"
  resolved "https://registry.yarnpkg.com/@alicloud/tea-typescript/-/tea-typescript-1.8.0.tgz#aa9b04b6ee53e1b22aa51e224a950ea5bcd966e9"
  integrity sha512-CWXWaquauJf0sW30mgJRVu9aaXyBth5uMBCUc+5vKTK1zlgf3hIqRUjJZbjlwHwQ5y9anwcu18r48nOZb7l2QQ==
  dependencies:
    "@types/node" "^12.0.2"
    httpx "^2.2.6"

"@alicloud/tea-util@^1.1.0", "@alicloud/tea-util@^1.2.6", "@alicloud/tea-util@^1.3.0", "@alicloud/tea-util@^1.4.0", "@alicloud/tea-util@^1.4.4", "@alicloud/tea-util@^1.4.5":
  version "1.4.5"
  resolved "https://registry.yarnpkg.com/@alicloud/tea-util/-/tea-util-1.4.5.tgz#ba434dc725883c2f36a9eb9a75a7f82698c317fa"
  integrity sha512-7NuThYUi90/ivT/ORKusm0NVKlc1khPTtlzTR77xEqSBt7d24Ee/Lo70hx9PWP28nHpIZ1gM0NKYBtpq7HUDlg==
  dependencies:
    "@alicloud/tea-typescript" "^1.5.1"
    kitx "^2.0.0"

"@alicloud/tea-xml@0.0.2":
  version "0.0.2"
  resolved "https://registry.yarnpkg.com/@alicloud/tea-xml/-/tea-xml-0.0.2.tgz#7c97a38255d5e4f009c437facd3a2afc0ef17f45"
  integrity sha512-Xs7v5y7YSNSDDYmiDWAC0/013VWPjS3dQU4KezSLva9VGiTVPaL3S7Nk4NrTmAYCG6MKcrRj/nGEDIWL5KRoPg==
  dependencies:
    "@alicloud/tea-typescript" "^1"
    "@types/xml2js" "^0.4.5"
    xml2js "^0.4.22"

"@alicloud/tea-xml@^0.0.1":
  version "0.0.1"
  resolved "https://registry.yarnpkg.com/@alicloud/tea-xml/-/tea-xml-0.0.1.tgz#6c1ee344061c7cd7d937c27cee67afba36eb237d"
  integrity sha512-jFlmRj4XXPbCB4IKlK2bGl67lqQ1civ3cEfCZ0WZdFBsd5SR8IP87J4PSaoVic55DVqOpUJfEC7r33sA24KCuw==
  dependencies:
    "@alicloud/tea-typescript" "^1"
    "@types/xml2js" "^0.4.5"
    xml2js "^0.4.22"

"@alicloud/viapi-tool@^1.1.0":
  version "1.3.0"
  resolved "https://registry.yarnpkg.com/@alicloud/viapi-tool/-/viapi-tool-1.3.0.tgz#78677ed3f236d52ce1153c68b84fd61a01c253cb"
  integrity sha512-+NRJkNXXvtgf+ywR+sPY3hyHztc1p1yXTUhKpPrYJdkZhNHWlvwNSP2HPsSEcp2AAGZ60QP8JVHqZ25x9cvNGg==
  dependencies:
    "@alicloud/tea-typescript" latest

"@alicloud/viapi-utils@^1.0.0":
  version "1.0.0"
  resolved "https://registry.yarnpkg.com/@alicloud/viapi-utils/-/viapi-utils-1.0.0.tgz#a67489c9c113024f4359b108f6314f63f95ae8c5"
  integrity sha512-jDgCCqLVD5I/k4we4HRAUPLpJBy3nLE6b0vEmQYdzhDeE1Y0Pr1nuNOiY8sE8IEmQZCiuLQyDKRSYGBkDw7FiA==
  dependencies:
    "@alicloud/oss-client" "^1.1.2"
    "@alicloud/oss-util" "0.0.1"
    "@alicloud/rpc-client" "^1.1.0"
    "@alicloud/tea-typescript" latest
    "@alicloud/tea-util" "^1.1.0"
    "@alicloud/viapi-tool" "^1.1.0"
    "@alicloud/viapiutils20200401" "^1.1.0"

"@alicloud/viapiutils20200401@^1.1.0":
  version "1.1.0"
  resolved "https://registry.yarnpkg.com/@alicloud/viapiutils20200401/-/viapiutils20200401-1.1.0.tgz#48f4eabbe7503fb90077947c760b2a73fe045239"
  integrity sha512-7L53dzot6+dIp9K27ssYf7IJph6vlKfx+sTZ2/iGjfR2lI17M0DCSOwX/VtZRcCNueuGlP+f7TsGykMsOtgIew==
  dependencies:
    "@alicloud/endpoint-util" "^0.0.1"
    "@alicloud/rpc-client" "^1.2.0"
    "@alicloud/tea-typescript" "^1.6.0"
    "@alicloud/tea-util" "^1.2.6"

"@types/mime@^2.0.1":
  version "2.0.3"
  resolved "https://registry.yarnpkg.com/@types/mime/-/mime-2.0.3.tgz#c893b73721db73699943bfc3653b1deb7faa4a3a"
  integrity sha512-Jus9s4CDbqwocc5pOAnh8ShfrnMcPHuJYzVcSUU7lrh8Ni5HuIqX3oilL86p3dlTrk0LzHRCgA/GQ7uNCw6l2Q==

"@types/node@*":
  version "18.11.19"
  resolved "https://registry.yarnpkg.com/@types/node/-/node-18.11.19.tgz#35e26df9ec441ab99d73e99e9aca82935eea216d"
  integrity sha512-YUgMWAQBWLObABqrvx8qKO1enAvBUdjZOAWQ5grBAkp5LQv45jBvYKZ3oFS9iKRCQyFjqw6iuEa1vmFqtxYLZw==

"@types/node@^12.0.2", "@types/node@^12.12.26":
  version "12.20.55"
  resolved "https://registry.yarnpkg.com/@types/node/-/node-12.20.55.tgz#c329cbd434c42164f846b909bd6f85b5537f6240"
  integrity sha512-J8xLz7q2OFulZ2cyGTLE1TbbZcjpno7FaN6zdJNrgAdrJ+DZzh/uFR6YrTb4C+nXakvud8Q4+rbhoIWlYQbUFQ==

"@types/node@^14":
  version "14.18.36"
  resolved "https://registry.yarnpkg.com/@types/node/-/node-14.18.36.tgz#c414052cb9d43fab67d679d5f3c641be911f5835"
  integrity sha512-FXKWbsJ6a1hIrRxv+FoukuHnGTgEzKYGi7kilfMae96AL9UNkPFNWJEEYWzdRI9ooIkbr4AKldyuSTLql06vLQ==

"@types/xml2js@^0.4.5":
  version "0.4.11"
  resolved "https://registry.yarnpkg.com/@types/xml2js/-/xml2js-0.4.11.tgz#bf46a84ecc12c41159a7bd9cf51ae84129af0e79"
  integrity sha512-JdigeAKmCyoJUiQljjr7tQG3if9NkqGUgwEUqBvV0N7LM4HyQk7UXCnusRa1lnvXAEYJ8mw8GtZWioagNztOwA==
  dependencies:
    "@types/node" "*"

accepts@~1.3.8:
  version "1.3.8"
  resolved "https://registry.yarnpkg.com/accepts/-/accepts-1.3.8.tgz#0bf0be125b67014adcb0b0921e62db7bffe16b2e"
  integrity sha512-PYAthTa2m2VKxuvSD3DPC/Gy+U+sOA1LAuT8mkmRuvw+NACSaeXEQ+NHcVF7rONl6qcaxV3Uuemwawk+7+SJLw==
  dependencies:
    mime-types "~2.1.34"
    negotiator "0.6.3"

arg@^4.1.0:
  version "4.1.3"
  resolved "https://registry.yarnpkg.com/arg/-/arg-4.1.3.tgz#269fc7ad5b8e42cb63c896d5666017261c144089"
  integrity sha512-58S9QDqG0Xx27YwPSt9fJxivjYl432YCwfDMfZ+71RAqUrZef7LrKQZ3LHLOwCS4FLNBplP533Zx895SeOCHvA==

array-flatten@1.1.1:
  version "1.1.1"
  resolved "https://registry.yarnpkg.com/array-flatten/-/array-flatten-1.1.1.tgz#9a5f699051b1e7073328f2a008968b64ea2955d2"
  integrity sha512-PCVAQswWemu6UdxsDFFX/+gVeYqKAod3D3UVm91jHwynguOwAvYPhx8nNlM++NqRcK6CxxpUafjmhIdKiHibqg==

bignumber.js@^4.0.0:
  version "4.1.0"
  resolved "https://registry.yarnpkg.com/bignumber.js/-/bignumber.js-4.1.0.tgz#db6f14067c140bd46624815a7916c92d9b6c24b1"
  integrity sha512-eJzYkFYy9L4JzXsbymsFn3p54D+llV27oTQ+ziJG7WFRheJcNZilgVXMG0LoZtlQSKBsJdWtLFqOD0u+U0jZKA==

body-parser@1.20.1:
  version "1.20.1"
  resolved "https://registry.yarnpkg.com/body-parser/-/body-parser-1.20.1.tgz#b1812a8912c195cd371a3ee5e66faa2338a5c668"
  integrity sha512-jWi7abTbYwajOytWCQc37VulmWiRae5RyTpaCyDcS5/lMdtwSz5lOpDE67srw/HYe35f1z3fDQw+3txg7gNtWw==
  dependencies:
    bytes "3.1.2"
    content-type "~1.0.4"
    debug "2.6.9"
    depd "2.0.0"
    destroy "1.2.0"
    http-errors "2.0.0"
    iconv-lite "0.4.24"
    on-finished "2.4.1"
    qs "6.11.0"
    raw-body "2.5.1"
    type-is "~1.6.18"
    unpipe "1.0.0"

buffer-from@^1.0.0:
  version "1.1.2"
  resolved "https://registry.yarnpkg.com/buffer-from/-/buffer-from-1.1.2.tgz#2b146a6fd72e80b4f55d255f35ed59a3a9a41bd5"
  integrity sha512-E+XQCRwSbaaiChtv6k6Dwgc+bx+Bs6vuKJHHl5kox/BaKbhiXzqQOwK4cO22yElGp2OCmjwVhT3HmxgyPGnJfQ==

bytes@3.1.2:
  version "3.1.2"
  resolved "https://registry.yarnpkg.com/bytes/-/bytes-3.1.2.tgz#8b0beeb98605adf1b128fa4386403c009e0221a5"
  integrity sha512-/Nf7TyzTx6S3yRJObOAV7956r8cr2+Oj8AC5dt8wSP3BQAoeX58NoHyCU8P8zGkNXStjTSi6fzO6F0pBdcYbEg==

call-bind@^1.0.0:
  version "1.0.2"
  resolved "https://registry.yarnpkg.com/call-bind/-/call-bind-1.0.2.tgz#b1d4e89e688119c3c9a903ad30abb2f6a919be3c"
  integrity sha512-7O+FbCihrB5WGbFYesctwmTKae6rOiIzmz1icreWJ+0aA7LJfuqhEso2T9ncpcFtzMQtzXf2QGGueWJGTYsqrA==
  dependencies:
    function-bind "^1.1.1"
    get-intrinsic "^1.0.2"

content-disposition@0.5.4:
  version "0.5.4"
  resolved "https://registry.yarnpkg.com/content-disposition/-/content-disposition-0.5.4.tgz#8b82b4efac82512a02bb0b1dcec9d2c5e8eb5bfe"
  integrity sha512-FveZTNuGw04cxlAiWbzi6zTAL/lhehaWbTtgluJh4/E95DqMwTmha3KZN1aAWA8cFIhHzMZUvLevkw5Rqk+tSQ==
  dependencies:
    safe-buffer "5.2.1"

content-type@~1.0.4:
  version "1.0.5"
  resolved "https://registry.yarnpkg.com/content-type/-/content-type-1.0.5.tgz#8b773162656d1d1086784c8f23a54ce6d73d7918"
  integrity sha512-nTjqfcBFEipKdXCv4YDQWCfmcLZKm81ldF0pAopTvyrFGVbcR6P/VAAd5G7N+0tTr8QqiU0tFadD6FK4NtJwOA==

cookie-signature@1.0.6:
  version "1.0.6"
  resolved "https://registry.yarnpkg.com/cookie-signature/-/cookie-signature-1.0.6.tgz#e303a882b342cc3ee8ca513a79999734dab3ae2c"
  integrity sha512-QADzlaHc8icV8I7vbaJXJwod9HWYp8uCqf1xa4OfNu1T7JVxQIrUgOWtHdNDtPiywmFbiS12VjotIXLrKM3orQ==

cookie@0.5.0:
  version "0.5.0"
  resolved "https://registry.yarnpkg.com/cookie/-/cookie-0.5.0.tgz#d1f5d71adec6558c58f389987c366aa47e994f8b"
  integrity sha512-YZ3GUyn/o8gfKJlnlX7g7xq4gyO6OSuhGPKaaGssGB2qgDUS0gPgtTvoyZLTt9Ab6dC4hfc9dV5arkvc/OCmrw==

debug@2.6.9:
  version "2.6.9"
  resolved "https://registry.yarnpkg.com/debug/-/debug-2.6.9.tgz#5d128515df134ff327e90a4c93f4e077a536341f"
  integrity sha512-bC7ElrdJaJnPbAP+1EotYvqZsb3ecl5wi6Bfi6BJTUcNowp6cvspg0jXznRTKDjm/E7AdgFBVeAPVMNcKGsHMA==
  dependencies:
    ms "2.0.0"

debug@^4.1.1:
  version "4.3.4"
  resolved "https://registry.yarnpkg.com/debug/-/debug-4.3.4.tgz#1319f6579357f2338d3337d2cdd4914bb5dcc865"
  integrity sha512-PRWFHuSU3eDtQJPvnNY7Jcket1j0t5OuOsFzPPzsekD52Zl8qUfFIPEiswXqIvHWGVHOgX+7G/vCNNhehwxfkQ==
  dependencies:
    ms "2.1.2"

depd@2.0.0:
  version "2.0.0"
  resolved "https://registry.yarnpkg.com/depd/-/depd-2.0.0.tgz#b696163cc757560d09cf22cc8fad1571b79e76df"
  integrity sha512-g7nH6P6dyDioJogAAGprGpCtVImJhpPk/roCzdb3fIh61/s/nPsfR6onyMwkCAR/OlC3yBC0lESvUoQEAssIrw==

destroy@1.2.0:
  version "1.2.0"
  resolved "https://registry.yarnpkg.com/destroy/-/destroy-1.2.0.tgz#4803735509ad8be552934c67df614f94e66fa015"
  integrity sha512-2sJGJTaXIIaR1w4iJSNoN0hnMY7Gpc/n8D4qSCJw8QqFWXf7cuAgnEHxBpweaVcPevC2l3KpjYCx3NypQQgaJg==

diff@^4.0.1:
  version "4.0.2"
  resolved "https://registry.yarnpkg.com/diff/-/diff-4.0.2.tgz#60f3aecb89d5fae520c11aa19efc2bb982aade7d"
  integrity sha512-58lmxKSA4BNyLz+HHMUzlOEpg09FV+ev6ZMe3vJihgdxzgcwZ8VoEEPmALCZG9LmqfVoNMMKpttIYTVG6uDY7A==

ee-first@1.1.1:
  version "1.1.1"
  resolved "https://registry.yarnpkg.com/ee-first/-/ee-first-1.1.1.tgz#590c61156b0ae2f4f0255732a158b266bc56b21d"
  integrity sha512-WMwm9LhRUo+WUaRN+vRuETqG89IgZphVSNkdFgeb6sS/E4OrDIN7t48CAewSHXc6C8lefD8KKfr5vY61brQlow==

encodeurl@~1.0.2:
  version "1.0.2"
  resolved "https://registry.yarnpkg.com/encodeurl/-/encodeurl-1.0.2.tgz#ad3ff4c86ec2d029322f5a02c3a9a606c95b3f59"
  integrity sha512-TPJXq8JqFaVYm2CWmPvnP2Iyo4ZSM7/QKcSmuMLDObfpH5fi7RUGmd/rTDf+rut/saiDiQEeVTNgAmJEdAOx0w==

escape-html@~1.0.3:
  version "1.0.3"
  resolved "https://registry.yarnpkg.com/escape-html/-/escape-html-1.0.3.tgz#0258eae4d3d0c0974de1c169188ef0051d1d1988"
  integrity sha512-NiSupZ4OeuGwr68lGIeym/ksIZMJodUGOSCZ/FSnTxcrekbvqrgdUxlJOMpijaKZVjAJrWrGs/6Jy8OMuyj9ow==

etag@~1.8.1:
  version "1.8.1"
  resolved "https://registry.yarnpkg.com/etag/-/etag-1.8.1.tgz#41ae2eeb65efa62268aebfea83ac7d79299b0887"
  integrity sha512-aIL5Fx7mawVa300al2BnEE4iNvo1qETxLrPI/o05L7z6go7fCw1J6EQmbK4FmJ2AS7kgVF/KEZWufBfdClMcPg==

express@^4.18.2:
  version "4.18.2"
  resolved "https://registry.yarnpkg.com/express/-/express-4.18.2.tgz#3fabe08296e930c796c19e3c516979386ba9fd59"
  integrity sha512-5/PsL6iGPdfQ/lKM1UuielYgv3BUoJfz1aUwU9vHZ+J7gyvwdQXFEBIEIaxeGf0GIcreATNyBExtalisDbuMqQ==
  dependencies:
    accepts "~1.3.8"
    array-flatten "1.1.1"
    body-parser "1.20.1"
    content-disposition "0.5.4"
    content-type "~1.0.4"
    cookie "0.5.0"
    cookie-signature "1.0.6"
    debug "2.6.9"
    depd "2.0.0"
    encodeurl "~1.0.2"
    escape-html "~1.0.3"
    etag "~1.8.1"
    finalhandler "1.2.0"
    fresh "0.5.2"
    http-errors "2.0.0"
    merge-descriptors "1.0.1"
    methods "~1.1.2"
    on-finished "2.4.1"
    parseurl "~1.3.3"
    path-to-regexp "0.1.7"
    proxy-addr "~2.0.7"
    qs "6.11.0"
    range-parser "~1.2.1"
    safe-buffer "5.2.1"
    send "0.18.0"
    serve-static "1.15.0"
    setprototypeof "1.2.0"
    statuses "2.0.1"
    type-is "~1.6.18"
    utils-merge "1.0.1"
    vary "~1.1.2"

finalhandler@1.2.0:
  version "1.2.0"
  resolved "https://registry.yarnpkg.com/finalhandler/-/finalhandler-1.2.0.tgz#7d23fe5731b207b4640e4fcd00aec1f9207a7b32"
  integrity sha512-5uXcUVftlQMFnWC9qu/svkWv3GTd2PfUhK/3PLkYNAe7FbqJMt3515HaxE6eRL74GdsriiwujiawdaB1BpEISg==
  dependencies:
    debug "2.6.9"
    encodeurl "~1.0.2"
    escape-html "~1.0.3"
    on-finished "2.4.1"
    parseurl "~1.3.3"
    statuses "2.0.1"
    unpipe "~1.0.0"

forwarded@0.2.0:
  version "0.2.0"
  resolved "https://registry.yarnpkg.com/forwarded/-/forwarded-0.2.0.tgz#2269936428aad4c15c7ebe9779a84bf0b2a81811"
  integrity sha512-buRG0fpBtRHSTCOASe6hD258tEubFoRLb4ZNA6NxMVHNw2gOcwHo9wyablzMzOA5z9xA9L1KNjk/Nt6MT9aYow==

fresh@0.5.2:
  version "0.5.2"
  resolved "https://registry.yarnpkg.com/fresh/-/fresh-0.5.2.tgz#3d8cadd90d976569fa835ab1f8e4b23a105605a7"
  integrity sha512-zJ2mQYM18rEFOudeV4GShTGIQ7RbzA7ozbU9I/XBpm7kqgMywgmylMwXHxZJmkVoYkna9d2pVXVXPdYTP9ej8Q==

function-bind@^1.1.1:
  version "1.1.1"
  resolved "https://registry.yarnpkg.com/function-bind/-/function-bind-1.1.1.tgz#a56899d3ea3c9bab874bb9773b7c5ede92f4895d"
  integrity sha512-yIovAzMX49sF8Yl58fSCWJ5svSLuaibPxXQJFLmBObTuCr0Mf1KiPopGM9NiFjiYBCbfaa2Fh6breQ6ANVTI0A==

get-intrinsic@^1.0.2:
  version "1.2.0"
  resolved "https://registry.yarnpkg.com/get-intrinsic/-/get-intrinsic-1.2.0.tgz#7ad1dc0535f3a2904bba075772763e5051f6d05f"
  integrity sha512-L049y6nFOuom5wGyRc3/gdTLO94dySVKRACj1RmJZBQXlbTMhtNIgkWkUHq+jYmZvKf14EW1EoJnnjbmoHij0Q==
  dependencies:
    function-bind "^1.1.1"
    has "^1.0.3"
    has-symbols "^1.0.3"

has-symbols@^1.0.3:
  version "1.0.3"
  resolved "https://registry.yarnpkg.com/has-symbols/-/has-symbols-1.0.3.tgz#bb7b2c4349251dce87b125f7bdf874aa7c8b39f8"
  integrity sha512-l3LCuF6MgDNwTDKkdYGEihYjt5pRPbEg46rtlmnSPlUbgmB8LOIrKJbYYFBSbnPaJexMKtiPO8hmeRjRz2Td+A==

has@^1.0.3:
  version "1.0.3"
  resolved "https://registry.yarnpkg.com/has/-/has-1.0.3.tgz#722d7cbfc1f6aa8241f16dd814e011e1f41e8796"
  integrity sha512-f2dvO0VU6Oej7RkWJGrehjbzMAjFp5/VKPp5tTpWIV4JHHZK1/BxbFRtf/siA2SWTe09caDmVtYYzWEIbBS4zw==
  dependencies:
    function-bind "^1.1.1"

http-errors@2.0.0:
  version "2.0.0"
  resolved "https://registry.yarnpkg.com/http-errors/-/http-errors-2.0.0.tgz#b7774a1486ef73cf7667ac9ae0858c012c57b9d3"
  integrity sha512-FtwrG/euBzaEjYeRqOgly7G0qviiXoJWnvEH2Z1plBdXgbyjv34pHTSb9zoeHMyDy33+DWy5Wt9Wo+TURtOYSQ==
  dependencies:
    depd "2.0.0"
    inherits "2.0.4"
    setprototypeof "1.2.0"
    statuses "2.0.1"
    toidentifier "1.0.1"

httpx@^2.1.3, httpx@^2.2.0, httpx@^2.2.6:
  version "2.2.7"
  resolved "https://registry.yarnpkg.com/httpx/-/httpx-2.2.7.tgz#1e34198146e32ca3305a66c11209559e1cbeba09"
  integrity sha512-Wjh2JOAah0pdczfqL8NC5378G7jMt0Zcpn8U+yyxAiejjlagzSTQgJHuVvka2VNPQlKfoGehYRc79WKq9E4gDw==
  dependencies:
    "@types/node" "^14"
    debug "^4.1.1"

iconv-lite@0.4.24:
  version "0.4.24"
  resolved "https://registry.yarnpkg.com/iconv-lite/-/iconv-lite-0.4.24.tgz#2022b4b25fbddc21d2f524974a474aafe733908b"
  integrity sha512-v3MXnZAcvnywkTUEZomIActle7RXXeedOR31wwl7VlyoXO4Qi9arvSenNQWne1TcRwhCL1HwLI21bEqdpj8/rA==
  dependencies:
    safer-buffer ">= 2.1.2 < 3"

inherits@2.0.4:
  version "2.0.4"
  resolved "https://registry.yarnpkg.com/inherits/-/inherits-2.0.4.tgz#0fa2c64f932917c3433a0ded55363aae37416b7c"
  integrity sha512-k/vGaX4/Yla3WzyMCvTQOXYeIHvqOKtnqBduzTHpzpQZzAskKMhZ2K+EnBiSM9zGSoIFeMpXKxa4dYeZIQqewQ==

ini@^1.3.5:
  version "1.3.8"
  resolved "https://registry.yarnpkg.com/ini/-/ini-1.3.8.tgz#a29da425b48806f34767a4efce397269af28432c"
  integrity sha512-JV/yugV2uzW5iMRSiZAyDtQd+nxtUnjeLt0acNdw98kKLrvuRVyB80tsREOE7yvGVgalhZ6RNXCmEHkUKBKxew==

int64-buffer@^0.99.1007:
  version "0.99.1007"
  resolved "https://registry.yarnpkg.com/int64-buffer/-/int64-buffer-0.99.1007.tgz#211ea089a2fdb960070a2e77cd6d17dc456a5220"
  integrity sha512-XDBEu44oSTqlvCSiOZ/0FoUkpWu/vwjJLGSKDabNISPQNZ5wub1FodGHBljRsrR0IXRPq7SslshZYMuA55CgTQ==

ipaddr.js@1.9.1:
  version "1.9.1"
  resolved "https://registry.yarnpkg.com/ipaddr.js/-/ipaddr.js-1.9.1.tgz#bff38543eeb8984825079ff3a2a8e6cbd46781b3"
  integrity sha512-0KI/607xoxSToH7GjN1FfSbLoU0+btTicjsQSWQlh/hZykN8KpmMf7uYwPW3R+akZ6R/w18ZlXSHBYXiYUPO3g==

json-bigint@^0.2.3:
  version "0.2.3"
  resolved "https://registry.yarnpkg.com/json-bigint/-/json-bigint-0.2.3.tgz#118d7f6ff1d38659f19f94cf73e64a75a3f988a8"
  integrity sha512-pG8elXWCTAIwH1W8FwjDbj2FBJSi2WE5PdV0dm+c+7LAmH6XL6fwDsdQGgAgOZljcF3Kj9Uzop2TfGfPDSOUqA==
  dependencies:
    bignumber.js "^4.0.0"

kitx@^1.2.1:
  version "1.3.0"
  resolved "https://registry.yarnpkg.com/kitx/-/kitx-1.3.0.tgz#ab3ee7c598d2b1d629fd55568f868c4440c200ea"
  integrity sha512-fhBqFlXd0GkKTB+8ayLfpzPUw+LHxZlPAukPNBD1Om7JMeInT+/PxCAf1yLagvD+VKoyWhXtJR68xQkX/a0wOQ==

kitx@^2.0.0, kitx@^2.1.0:
  version "2.1.0"
  resolved "https://registry.yarnpkg.com/kitx/-/kitx-2.1.0.tgz#fc7fbf78eb6ed7a5a3fd2d7afb3011e29d0e44c8"
  integrity sha512-C/5v9MtIX7aHGOjwn5BmrrbNkJSf7i0R5mRzmh13GSAdRqQ7bYQo/Su2pTYNylFicqKNTVX3HML9k1u8k51+pQ==
  dependencies:
    "@types/node" "^12.0.2"

make-error@^1.1.1:
  version "1.3.6"
  resolved "https://registry.yarnpkg.com/make-error/-/make-error-1.3.6.tgz#2eb2e37ea9b67c4891f684a1394799af484cf7a2"
  integrity sha512-s8UhlNe7vPKomQhC1qFelMokr/Sc3AgNbso3n74mVPA5LTZwkB9NlXf4XPamLxJE8h0gh73rM94xvwRT2CVInw==

media-typer@0.3.0:
  version "0.3.0"
  resolved "https://registry.yarnpkg.com/media-typer/-/media-typer-0.3.0.tgz#8710d7af0aa626f8fffa1ce00168545263255748"
  integrity sha512-dq+qelQ9akHpcOl/gUVRTxVIOkAJ1wR3QAvb4RsVjS8oVoFjDGTc679wJYmUmknUF5HwMLOgb5O+a3KxfWapPQ==

merge-descriptors@1.0.1:
  version "1.0.1"
  resolved "https://registry.yarnpkg.com/merge-descriptors/-/merge-descriptors-1.0.1.tgz#b00aaa556dd8b44568150ec9d1b953f3f90cbb61"
  integrity sha512-cCi6g3/Zr1iqQi6ySbseM1Xvooa98N0w31jzUYrXPX2xqObmFGHJ0tQ5u74H3mVh7wLouTseZyYIq39g8cNp1w==

methods@~1.1.2:
  version "1.1.2"
  resolved "https://registry.yarnpkg.com/methods/-/methods-1.1.2.tgz#5529a4d67654134edcc5266656835b0f851afcee"
  integrity sha512-iclAHeNqNm68zFtnZ0e+1L2yUIdvzNoauKU4WBA3VvH/vPFieF7qfRlwUZU+DA9P9bPXIS90ulxoUoCH23sV2w==

mime-db@1.52.0:
  version "1.52.0"
  resolved "https://registry.yarnpkg.com/mime-db/-/mime-db-1.52.0.tgz#bbabcdc02859f4987301c856e3387ce5ec43bf70"
  integrity sha512-sPU4uV7dYlvtWJxwwxHD0PuihVNiE7TyAbQ5SWxDCB9mUYvOgroQOwYQQOKPJ8CIbE+1ETVlOoK1UC2nU3gYvg==

mime-types@~2.1.24, mime-types@~2.1.34:
  version "2.1.35"
  resolved "https://registry.yarnpkg.com/mime-types/-/mime-types-2.1.35.tgz#381a871b62a734450660ae3deee44813f70d959a"
  integrity sha512-ZDY+bPm5zTTF+YpCrAU9nK0UgICYPT0QtT1NZWFv4s++TNkcgVaT0g6+4R2uI4MjQjzysHB1zxuWL50hzaeXiw==
  dependencies:
    mime-db "1.52.0"

mime@1.6.0:
  version "1.6.0"
  resolved "https://registry.yarnpkg.com/mime/-/mime-1.6.0.tgz#32cd9e5c64553bd58d19a568af452acff04981b1"
  integrity sha512-x0Vn8spI+wuJ1O6S7gnbaQg8Pxh4NNHb7KSINmEWKiPE4RKOplvijn+NkmYmmRgP68mc70j2EbeTFRsrswaQeg==

mime@^2.4.4:
  version "2.6.0"
  resolved "https://registry.yarnpkg.com/mime/-/mime-2.6.0.tgz#a2a682a95cd4d0cb1d6257e28f83da7e35800367"
  integrity sha512-USPkMeET31rOMiarsBNIHZKLGgvKc/LrjofAnBlOttf5ajRvqiRA8QsenbcooctK6d6Ts6aqZXBA+XbkKthiQg==

ms@2.0.0:
  version "2.0.0"
  resolved "https://registry.yarnpkg.com/ms/-/ms-2.0.0.tgz#5608aeadfc00be6c2901df5f9861788de0d597c8"
  integrity sha512-Tpp60P6IUJDTuOq/5Z8cdskzJujfwqfOTkrwIwj7IRISpnkJnT6SyJ4PCPnGMoFjC9ddhal5KVIYtAt97ix05A==

ms@2.1.2:
  version "2.1.2"
  resolved "https://registry.yarnpkg.com/ms/-/ms-2.1.2.tgz#d09d1f357b443f493382a8eb3ccd183872ae6009"
  integrity sha512-sGkPx+VjMtmA6MX27oA4FBFELFCZZ4S4XqeGOXCv68tT+jb3vk/RyaKWP0PTKyWtmLSM0b+adUTEvbs1PEaH2w==

ms@2.1.3:
  version "2.1.3"
  resolved "https://registry.yarnpkg.com/ms/-/ms-2.1.3.tgz#574c8138ce1d2b5861f0b44579dbadd60c6615b2"
  integrity sha512-6FlzubTLZG3J2a/NVCAleEhjzq5oxgHyaCU9yYXvcLsvoVaHJq/s5xXI6/XXP6tz7R9xAOtHnSO/tXtF3WRTlA==

negotiator@0.6.3:
  version "0.6.3"
  resolved "https://registry.yarnpkg.com/negotiator/-/negotiator-0.6.3.tgz#58e323a72fedc0d6f9cd4d31fe49f51479590ccd"
  integrity sha512-+EUsqGPLsM+j/zdChZjsnX51g4XrHFOIXwfnCVPGlQk/k5giakcKsuxCObBRu6DSm9opw/O6slWbJdghQM4bBg==

object-inspect@^1.9.0:
  version "1.12.3"
  resolved "https://registry.yarnpkg.com/object-inspect/-/object-inspect-1.12.3.tgz#ba62dffd67ee256c8c086dfae69e016cd1f198b9"
  integrity sha512-geUvdk7c+eizMNUDkRpW1wJwgfOiOeHbxBR/hLXK1aT6zmVSO0jsQcs7fj6MGw89jC/cjGfLcNOrtMYtGqm81g==

on-finished@2.4.1:
  version "2.4.1"
  resolved "https://registry.yarnpkg.com/on-finished/-/on-finished-2.4.1.tgz#58c8c44116e54845ad57f14ab10b03533184ac3f"
  integrity sha512-oVlzkg3ENAhCk2zdv7IJwd/QUD4z2RxRwpkcGY8psCVcCYZNq4wYnVWALHM+brtuJjePWiYF/ClmuDr8Ch5+kg==
  dependencies:
    ee-first "1.1.1"

parseurl@~1.3.3:
  version "1.3.3"
  resolved "https://registry.yarnpkg.com/parseurl/-/parseurl-1.3.3.tgz#9da19e7bee8d12dff0513ed5b76957793bc2e8d4"
  integrity sha512-CiyeOxFT/JZyN5m0z9PfXw4SCBJ6Sygz1Dpl0wqjlhDEGGBP1GnsUVEL0p63hoG1fcj3fHynXi9NYO4nWOL+qQ==

path-to-regexp@0.1.7:
  version "0.1.7"
  resolved "https://registry.yarnpkg.com/path-to-regexp/-/path-to-regexp-0.1.7.tgz#df604178005f522f15eb4490e7247a1bfaa67f8c"
  integrity sha512-5DFkuoqlv1uYQKxy8omFBeJPQcdoE07Kv2sferDCrAq1ohOU+MSDswDIbnx3YAM60qIOnYa53wBhXW0EbMonrQ==

proxy-addr@~2.0.7:
  version "2.0.7"
  resolved "https://registry.yarnpkg.com/proxy-addr/-/proxy-addr-2.0.7.tgz#f19fe69ceab311eeb94b42e70e8c2070f9ba1025"
  integrity sha512-llQsMLSUDUPT44jdrU/O37qlnifitDP+ZwrmmZcoSKyLKvtZxpyV0n2/bD/N4tBAAZ/gJEdZU7KMraoK1+XYAg==
  dependencies:
    forwarded "0.2.0"
    ipaddr.js "1.9.1"

qs@6.11.0:
  version "6.11.0"
  resolved "https://registry.yarnpkg.com/qs/-/qs-6.11.0.tgz#fd0d963446f7a65e1367e01abd85429453f0c37a"
  integrity sha512-MvjoMCJwEarSbUYk5O+nmoSzSutSsTwF85zcHPQ9OrlFoZOYIjaqBAJIqIXjptyD5vThxGq52Xu/MaJzRkIk4Q==
  dependencies:
    side-channel "^1.0.4"

range-parser@~1.2.1:
  version "1.2.1"
  resolved "https://registry.yarnpkg.com/range-parser/-/range-parser-1.2.1.tgz#3cf37023d199e1c24d1a55b84800c2f3e6468031"
  integrity sha512-Hrgsx+orqoygnmhFbKaHE6c296J+HTAQXoxEF6gNupROmmGJRoyzfG3ccAveqCBrwr/2yxQ5BVd/GTl5agOwSg==

raw-body@2.5.1:
  version "2.5.1"
  resolved "https://registry.yarnpkg.com/raw-body/-/raw-body-2.5.1.tgz#fe1b1628b181b700215e5fd42389f98b71392857"
  integrity sha512-qqJBtEyVgS0ZmPGdCFPWJ3FreoqvG4MVQln/kCgF7Olq95IbOp0/BWyMwbdtn4VTvkM8Y7khCQ2Xgk/tcrCXig==
  dependencies:
    bytes "3.1.2"
    http-errors "2.0.0"
    iconv-lite "0.4.24"
    unpipe "1.0.0"

safe-buffer@5.2.1:
  version "5.2.1"
  resolved "https://registry.yarnpkg.com/safe-buffer/-/safe-buffer-5.2.1.tgz#1eaf9fa9bdb1fdd4ec75f58f9cdb4e6b7827eec6"
  integrity sha512-rp3So07KcdmmKbGvgaNxQSJr7bGVSVk5S9Eq1F+ppbRo70+YeaDxkw5Dd8NPN+GD6bjnYm2VuPuCXmpuYvmCXQ==

"safer-buffer@>= 2.1.2 < 3":
  version "2.1.2"
  resolved "https://registry.yarnpkg.com/safer-buffer/-/safer-buffer-2.1.2.tgz#44fa161b0187b9549dd84bb91802f9bd8385cd6a"
  integrity sha512-YZo3K82SD7Riyi0E1EQPojLz7kpepnSQI9IyPbHHg1XXXevb5dJI7tpyN2ADxGcQbHG7vcyRHk0cbwqcQriUtg==

sax@>=0.6.0:
  version "1.2.4"
  resolved "https://registry.yarnpkg.com/sax/-/sax-1.2.4.tgz#2816234e2378bddc4e5354fab5caa895df7100d9"
  integrity sha512-NqVDv9TpANUjFm0N8uM5GxL36UgKi9/atZw+x7YFnQ8ckwFGKrl4xX4yWtrey3UJm5nP1kUbnYgLopqWNSRhWw==

send@0.18.0:
  version "0.18.0"
  resolved "https://registry.yarnpkg.com/send/-/send-0.18.0.tgz#670167cc654b05f5aa4a767f9113bb371bc706be"
  integrity sha512-qqWzuOjSFOuqPjFe4NOsMLafToQQwBSOEpS+FwEt3A2V3vKubTquT3vmLTQpFgMXp8AlFWFuP1qKaJZOtPpVXg==
  dependencies:
    debug "2.6.9"
    depd "2.0.0"
    destroy "1.2.0"
    encodeurl "~1.0.2"
    escape-html "~1.0.3"
    etag "~1.8.1"
    fresh "0.5.2"
    http-errors "2.0.0"
    mime "1.6.0"
    ms "2.1.3"
    on-finished "2.4.1"
    range-parser "~1.2.1"
    statuses "2.0.1"

serve-static@1.15.0:
  version "1.15.0"
  resolved "https://registry.yarnpkg.com/serve-static/-/serve-static-1.15.0.tgz#faaef08cffe0a1a62f60cad0c4e513cff0ac9540"
  integrity sha512-XGuRDNjXUijsUL0vl6nSD7cwURuzEgglbOaFuZM9g3kwDXOWVTck0jLzjPzGD+TazWbboZYu52/9/XPdUgne9g==
  dependencies:
    encodeurl "~1.0.2"
    escape-html "~1.0.3"
    parseurl "~1.3.3"
    send "0.18.0"

setprototypeof@1.2.0:
  version "1.2.0"
  resolved "https://registry.yarnpkg.com/setprototypeof/-/setprototypeof-1.2.0.tgz#66c9a24a73f9fc28cbe66b09fed3d33dcaf1b424"
  integrity sha512-E5LDX7Wrp85Kil5bhZv46j8jOeboKq5JMmYM3gVGdGH8xFpPWXUMsNrlODCrkoxMEeNi/XZIwuRvY4XNwYMJpw==

side-channel@^1.0.4:
  version "1.0.4"
  resolved "https://registry.yarnpkg.com/side-channel/-/side-channel-1.0.4.tgz#efce5c8fdc104ee751b25c58d4290011fa5ea2cf"
  integrity sha512-q5XPytqFEIKHkGdiMIrY10mvLRvnQh42/+GoBlFW3b2LXLE2xxJpZFdm94we0BaoV3RwJyGqg5wS7epxTv0Zvw==
  dependencies:
    call-bind "^1.0.0"
    get-intrinsic "^1.0.2"
    object-inspect "^1.9.0"

sm3@^1.0.3:
  version "1.0.3"
  resolved "https://registry.yarnpkg.com/sm3/-/sm3-1.0.3.tgz#0051f0cc948c983944843136e7baa244eec5cd49"
  integrity sha512-KyFkIfr8QBlFG3uc3NaljaXdYcsbRy1KrSfc4tsQV8jW68jAktGeOcifu530Vx/5LC+PULHT0Rv8LiI8Gw+c1g==

source-map-support@^0.5.17:
  version "0.5.21"
  resolved "https://registry.yarnpkg.com/source-map-support/-/source-map-support-0.5.21.tgz#04fe7c7f9e1ed2d662233c28cb2b35b9f63f6e4f"
  integrity sha512-uBHU3L3czsIyYXKX88fdrGovxdSCoTGDRZ6SYXtSRxLZUzHg5P/66Ht6uoUlHu9EZod+inXhKo3qQgwXUT/y1w==
  dependencies:
    buffer-from "^1.0.0"
    source-map "^0.6.0"

source-map@^0.6.0:
  version "0.6.1"
  resolved "https://registry.yarnpkg.com/source-map/-/source-map-0.6.1.tgz#74722af32e9614e9c287a8d0bbde48b5e2f1a263"
  integrity sha512-UjgapumWlbMhkBgzT7Ykc5YXUT46F0iKu8SGXq0bcwP5dz/h0Plj6enJqjz1Zbq2l5WaqYnrVbwWOWMyF3F47g==

statuses@2.0.1:
  version "2.0.1"
  resolved "https://registry.yarnpkg.com/statuses/-/statuses-2.0.1.tgz#55cb000ccf1d48728bd23c685a063998cf1a1b63"
  integrity sha512-RwNA9Z/7PrK06rYLIzFMlaF+l73iwpzsqRIFgbMLbTcLD6cOao82TaWefPXQvB2fOC4AjuYSEndS7N/mTCbkdQ==

toidentifier@1.0.1:
  version "1.0.1"
  resolved "https://registry.yarnpkg.com/toidentifier/-/toidentifier-1.0.1.tgz#3be34321a88a820ed1bd80dfaa33e479fbb8dd35"
  integrity sha512-o5sSPKEkg/DIQNmH43V0/uerLrpzVedkUh8tGNvaeXpfpuwjKenlSox/2O/BTlZUtEe+JG7s5YhEz608PlAHRA==

ts-node@^8.6.2:
  version "8.10.2"
  resolved "https://registry.yarnpkg.com/ts-node/-/ts-node-8.10.2.tgz#eee03764633b1234ddd37f8db9ec10b75ec7fb8d"
  integrity sha512-ISJJGgkIpDdBhWVu3jufsWpK3Rzo7bdiIXJjQc0ynKxVOVcg2oIrf2H2cejminGrptVc6q6/uynAHNCuWGbpVA==
  dependencies:
    arg "^4.1.0"
    diff "^4.0.1"
    make-error "^1.1.1"
    source-map-support "^0.5.17"
    yn "3.1.1"

type-is@~1.6.18:
  version "1.6.18"
  resolved "https://registry.yarnpkg.com/type-is/-/type-is-1.6.18.tgz#4e552cd05df09467dcbc4ef739de89f2cf37c131"
  integrity sha512-TkRKr9sUTxEH8MdfuCSP7VizJyzRNMjj2J2do2Jr3Kym598JVdEksuzPQCnlFPW4ky9Q+iA+ma9BGm06XQBy8g==
  dependencies:
    media-typer "0.3.0"
    mime-types "~2.1.24"

typescript@^3.7.5:
  version "3.9.10"
  resolved "https://registry.yarnpkg.com/typescript/-/typescript-3.9.10.tgz#70f3910ac7a51ed6bef79da7800690b19bf778b8"
  integrity sha512-w6fIxVE/H1PkLKcCPsFqKE7Kv7QUwhU8qQY2MueZXWx5cPZdwFupLgKK3vntcK98BtNHZtAF4LA/yl2a7k8R6Q==

unpipe@1.0.0, unpipe@~1.0.0:
  version "1.0.0"
  resolved "https://registry.yarnpkg.com/unpipe/-/unpipe-1.0.0.tgz#b2bf4ee8514aae6165b4817829d21b2ef49904ec"
  integrity sha512-pjy2bYhSsufwWlKwPc+l3cN7+wuJlK6uz0YdJEOlQDbl6jo/YlPi4mb8agUkVC8BF7V8NuzeyPNqRksA3hztKQ==

utils-merge@1.0.1:
  version "1.0.1"
  resolved "https://registry.yarnpkg.com/utils-merge/-/utils-merge-1.0.1.tgz#9f95710f50a267947b2ccc124741c1028427e713"
  integrity sha512-pMZTvIkT1d+TFGvDOqodOclx0QWkkgi6Tdoa8gC8ffGAAqz9pzPTZWAybbsHHoED/ztMtkv/VoYTYyShUn81hA==

uuid@^3.3.2:
  version "3.4.0"
  resolved "https://registry.yarnpkg.com/uuid/-/uuid-3.4.0.tgz#b23e4358afa8a202fe7a100af1f5f883f02007ee"
  integrity sha512-HjSDRw6gZE5JMggctHBcjVak08+KEVhSIiDzFnT9S9aegmp85S/bReBVTb4QTFaRNptJ9kuYaNhnbNEOkbKb/A==

vary@~1.1.2:
  version "1.1.2"
  resolved "https://registry.yarnpkg.com/vary/-/vary-1.1.2.tgz#2299f02c6ded30d4a5961b0b9f74524a18f634fc"
  integrity sha512-BNGbWLfd0eUPabhkXUVm0j8uuvREyTh5ovRa/dyow/BqAbZJyC+5fU+IzQOzmAKzYqYRAISoRhdQr3eIZ/PXqg==

xml2js@^0.4.22:
  version "0.4.23"
  resolved "https://registry.yarnpkg.com/xml2js/-/xml2js-0.4.23.tgz#a0c69516752421eb2ac758ee4d4ccf58843eac66"
  integrity sha512-ySPiMjM0+pLDftHgXY4By0uswI3SPKLDw/i3UXbnO8M/p28zqexCUoPmQFrYD+/1BzhGJSs2i1ERWKJAtiLrug==
  dependencies:
    sax ">=0.6.0"
    xmlbuilder "~11.0.0"

xmlbuilder@~11.0.0:
  version "11.0.1"
  resolved "https://registry.yarnpkg.com/xmlbuilder/-/xmlbuilder-11.0.1.tgz#be9bae1c8a046e76b31127726347d0ad7002beb3"
  integrity sha512-fDlsI/kFEx7gLvbecc0/ohLG50fugQp8ryHzMTuW9vSa1GJ0XYWKnhsUx7oie3G98+r56aTQIUB4kht42R3JvA==

yn@3.1.1:
  version "3.1.1"
  resolved "https://registry.yarnpkg.com/yn/-/yn-3.1.1.tgz#1e87401a09d767c1d5eab26a6e4c185182d2eb50"
  integrity sha512-Ux4ygGWsu2c7isFWe8Yu1YluJmqVhxqK2cLXNQA5AcC3QfbGNpM7fu0Y8b/z16pXLnFxZYvWhd3fhBY9DLmC6Q==
